
Microsoft Visual Studio Solution File, Format Version 12.00
# Visual Studio 14
VisualStudioVersion = 14.0.25420.1
MinimumVisualStudioVersion = 10.0.40219.1
Project("{FAE04EC0-301F-11D3-BF4B-00C04F79EFBC}") = "FaceCheckWithAzure.Android", "FaceCheckWithAzure\FaceCheckWithAzure.Android\FaceCheckWithAzure.Android.csproj", "{77B31F4B-EB03-4F5E-A450-8F24E46E78DF}"
EndProject
Project("{FAE04EC0-301F-11D3-BF4B-00C04F79EFBC}") = "FaceCheckWithAzure", "FaceCheckWithAzure\FaceCheckWithAzure\FaceCheckWithAzure.csproj", "{2EC56E08-0CD6-4464-A1ED-DA8AE40055CB}"
EndProject
Project("{FAE04EC0-301F-11D3-BF4B-00C04F79EFBC}") = "FaceCheckWithAzure.iOS", "FaceCheckWithAzure\FaceCheckWithAzure.iOS\FaceCheckWithAzure.iOS.csproj", "{174F625C-E387-4A00-B7FE-AC433D4165F7}"
EndProject
Global
	GlobalSection(SolutionConfigurationPlatforms) = preSolution
		Ad-Hoc|Any CPU = Ad-Hoc|Any CPU
		Ad-Hoc|iPhone = Ad-Hoc|iPhone
		Ad-Hoc|iPhoneSimulator = Ad-Hoc|iPhoneSimulator
		AppStore|Any CPU = AppStore|Any CPU
		AppStore|iPhone = AppStore|iPhone
		AppStore|iPhoneSimulator = AppStore|iPhoneSimulator
		Debug|Any CPU = Debug|Any CPU
		Debug|iPhone = Debug|iPhone
		Debug|iPhoneSimulator = Debug|iPhoneSimulator
		Release|Any CPU = Release|Any CPU
		Release|iPhone = Release|iPhone
		Release|iPhoneSimulator = Release|iPhoneSimulator
	EndGlobalSection
	GlobalSection(ProjectConfigurationPlatforms) = postSolution
		{77B31F4B-EB03-4F5E-A450-8F24E46E78DF}.Ad-Hoc|Any CPU.ActiveCfg = Release|Any CPU
		{77B31F4B-EB03-4F5E-A450-8F24E46E78DF}.Ad-Hoc|Any CPU.Build.0 = Release|Any CPU
		{77B31F4B-EB03-4F5E-A450-8F24E46E78DF}.Ad-Hoc|Any CPU.Deploy.0 = Release|Any CPU
		{77B31F4B-EB03-4F5E-A450-8F24E46E78DF}.Ad-Hoc|iPhone.ActiveCfg = Release|Any CPU
		{77B31F4B-EB03-4F5E-A450-8F24E46E78DF}.Ad-Hoc|iPhone.Build.0 = Release|Any CPU
		{77B31F4B-EB03-4F5E-A450-8F24E46E78DF}.Ad-Hoc|iPhone.Deploy.0 = Release|Any CPU
		{77B31F4B-EB03-4F5E-A450-8F24E46E78DF}.Ad-Hoc|iPhoneSimulator.ActiveCfg = Release|Any CPU
		{77B31F4B-EB03-4F5E-A450-8F24E46E78DF}.Ad-Hoc|iPhoneSimulator.Build.0 = Release|Any CPU
		{77B31F4B-EB03-4F5E-A450-8F24E46E78DF}.Ad-Hoc|iPhoneSimulator.Deploy.0 = Release|Any CPU
		{77B31F4B-EB03-4F5E-A450-8F24E46E78DF}.AppStore|Any CPU.ActiveCfg = Release|Any CPU
		{77B31F4B-EB03-4F5E-A450-8F24E46E78DF}.AppStore|Any CPU.Build.0 = Release|Any CPU
		{77B31F4B-EB03-4F5E-A450-8F24E46E78DF}.AppStore|Any CPU.Deploy.0 = Release|Any CPU
		{77B31F4B-EB03-4F5E-A450-8F24E46E78DF}.AppStore|iPhone.ActiveCfg = Release|Any CPU
		{77B31F4B-EB03-4F5E-A450-8F24E46E78DF}.AppStore|iPhone.Build.0 = Release|Any CPU
		{77B31F4B-EB03-4F5E-A450-8F24E46E78DF}.AppStore|iPhone.Deploy.0 = Release|Any CPU
		{77B31F4B-EB03-4F5E-A450-8F24E46E78DF}.AppStore|iPhoneSimulator.ActiveCfg = Release|Any CPU
		{77B31F4B-EB03-4F5E-A450-8F24E46E78DF}.AppStore|iPhoneSimulator.Build.0 = Release|Any CPU
		{77B31F4B-EB03-4F5E-A450-8F24E46E78DF}.AppStore|iPhoneSimulator.Deploy.0 = Release|Any CPU
		{77B31F4B-EB03-4F5E-A450-8F24E46E78DF}.Debug|Any CPU.ActiveCfg = Debug|Any CPU
		{77B31F4B-EB03-4F5E-A450-8F24E46E78DF}.Debug|Any CPU.Build.0 = Debug|Any CPU
		{77B31F4B-EB03-4F5E-A450-8F24E46E78DF}.Debug|Any CPU.Deploy.0 = Debug|Any CPU
		{77B31F4B-EB03-4F5E-A450-8F24E46E78DF}.Debug|iPhone.ActiveCfg = Debug|Any CPU
		{77B31F4B-EB03-4F5E-A450-8F24E46E78DF}.Debug|iPhone.Build.0 = Debug|Any CPU
		{77B31F4B-EB03-4F5E-A450-8F24E46E78DF}.Debug|iPhone.Deploy.0 = Debug|Any CPU
		{77B31F4B-EB03-4F5E-A450-8F24E46E78DF}.Debug|iPhoneSimulator.ActiveCfg = Debug|Any CPU
		{77B31F4B-EB03-4F5E-A450-8F24E46E78DF}.Debug|iPhoneSimulator.Build.0 = Debug|Any CPU
		{77B31F4B-EB03-4F5E-A450-8F24E46E78DF}.Debug|iPhoneSimulator.Deploy.0 = Debug|Any CPU
		{77B31F4B-EB03-4F5E-A450-8F24E46E78DF}.Release|Any CPU.ActiveCfg = Release|Any CPU
		{77B31F4B-EB03-4F5E-A450-8F24E46E78DF}.Release|Any CPU.Build.0 = Release|Any CPU
		{77B31F4B-EB03-4F5E-A450-8F24E46E78DF}.Release|Any CPU.Deploy.0 = Release|Any CPU
		{77B31F4B-EB03-4F5E-A450-8F24E46E78DF}.Release|iPhone.ActiveCfg = Release|Any CPU
		{77B31F4B-EB03-4F5E-A450-8F24E46E78DF}.Release|iPhone.Build.0 = Release|Any CPU
		{77B31F4B-EB03-4F5E-A450-8F24E46E78DF}.Release|iPhone.Deploy.0 = Release|Any CPU
		{77B31F4B-EB03-4F5E-A450-8F24E46E78DF}.Release|iPhoneSimulator.ActiveCfg = Release|Any CPU
		{77B31F4B-EB03-4F5E-A450-8F24E46E78DF}.Release|iPhoneSimulator.Build.0 = Release|Any CPU
		{77B31F4B-EB03-4F5E-A450-8F24E46E78DF}.Release|iPhoneSimulator.Deploy.0 = Release|Any CPU
		{2EC56E08-0CD6-4464-A1ED-DA8AE40055CB}.Ad-Hoc|Any CPU.ActiveCfg = Release|Any CPU
		{2EC56E08-0CD6-4464-A1ED-DA8AE40055CB}.Ad-Hoc|Any CPU.Build.0 = Release|Any CPU
		{2EC56E08-0CD6-4464-A1ED-DA8AE40055CB}.Ad-Hoc|iPhone.ActiveCfg = Release|Any CPU
		{2EC56E08-0CD6-4464-A1ED-DA8AE40055CB}.Ad-Hoc|iPhone.Build.0 = Release|Any CPU
		{2EC56E08-0CD6-4464-A1ED-DA8AE40055CB}.Ad-Hoc|iPhoneSimulator.ActiveCfg = Release|Any CPU
		{2EC56E08-0CD6-4464-A1ED-DA8AE40055CB}.Ad-Hoc|iPhoneSimulator.Build.0 = Release|Any CPU
		{2EC56E08-0CD6-4464-A1ED-DA8AE40055CB}.AppStore|Any CPU.ActiveCfg = Release|Any CPU
		{2EC56E08-0CD6-4464-A1ED-DA8AE40055CB}.AppStore|Any CPU.Build.0 = Release|Any CPU
		{2EC56E08-0CD6-4464-A1ED-DA8AE40055CB}.AppStore|iPhone.ActiveCfg = Release|Any CPU
		{2EC56E08-0CD6-4464-A1ED-DA8AE40055CB}.AppStore|iPhone.Build.0 = Release|Any CPU
		{2EC56E08-0CD6-4464-A1ED-DA8AE40055CB}.AppStore|iPhoneSimulator.ActiveCfg = Release|Any CPU
		{2EC56E08-0CD6-4464-A1ED-DA8AE40055CB}.AppStore|iPhoneSimulator.Build.0 = Release|Any CPU
		{2EC56E08-0CD6-4464-A1ED-DA8AE40055CB}.Debug|Any CPU.ActiveCfg = Debug|Any CPU
		{2EC56E08-0CD6-4464-A1ED-DA8AE40055CB}.Debug|Any CPU.Build.0 = Debug|Any CPU
		{2EC56E08-0CD6-4464-A1ED-DA8AE40055CB}.Debug|iPhone.ActiveCfg = Debug|Any CPU
		{2EC56E08-0CD6-4464-A1ED-DA8AE40055CB}.Debug|iPhone.Build.0 = Debug|Any CPU
		{2EC56E08-0CD6-4464-A1ED-DA8AE40055CB}.Debug|iPhoneSimulator.ActiveCfg = Debug|Any CPU
		{2EC56E08-0CD6-4464-A1ED-DA8AE40055CB}.Debug|iPhoneSimulator.Build.0 = Debug|Any CPU
		{2EC56E08-0CD6-4464-A1ED-DA8AE40055CB}.Release|Any CPU.ActiveCfg = Release|Any CPU
		{2EC56E08-0CD6-4464-A1ED-DA8AE40055CB}.Release|Any CPU.Build.0 = Release|Any CPU
		{2EC56E08-0CD6-4464-A1ED-DA8AE40055CB}.Release|iPhone.ActiveCfg = Release|Any CPU
		{2EC56E08-0CD6-4464-A1ED-DA8AE40055CB}.Release|iPhone.Build.0 = Release|Any CPU
		{2EC56E08-0CD6-4464-A1ED-DA8AE40055CB}.Release|iPhoneSimulator.ActiveCfg = Release|Any CPU
		{2EC56E08-0CD6-4464-A1ED-DA8AE40055CB}.Release|iPhoneSimulator.Build.0 = Release|Any CPU
		{174F625C-E387-4A00-B7FE-AC433D4165F7}.Ad-Hoc|Any CPU.ActiveCfg = Ad-Hoc|iPhone
		{174F625C-E387-4A00-B7FE-AC433D4165F7}.Ad-Hoc|iPhone.ActiveCfg = Ad-Hoc|iPhone
		{174F625C-E387-4A00-B7FE-AC433D4165F7}.Ad-Hoc|iPhone.Build.0 = Ad-Hoc|iPhone
		{174F625C-E387-4A00-B7FE-AC433D4165F7}.Ad-Hoc|iPhoneSimulator.ActiveCfg = Ad-Hoc|iPhoneSimulator
		{174F625C-E387-4A00-B7FE-AC433D4165F7}.Ad-Hoc|iPhoneSimulator.Build.0 = Ad-Hoc|iPhoneSimulator
		{174F625C-E387-4A00-B7FE-AC433D4165F7}.AppStore|Any CPU.ActiveCfg = AppStore|iPhone
		{174F625C-E387-4A00-B7FE-AC433D4165F7}.AppStore|iPhone.ActiveCfg = AppStore|iPhone
		{174F625C-E387-4A00-B7FE-AC433D4165F7}.AppStore|iPhone.Build.0 = AppStore|iPhone
		{174F625C-E387-4A00-B7FE-AC433D4165F7}.AppStore|iPhoneSimulator.ActiveCfg = AppStore|iPhoneSimulator
		{174F625C-E387-4A00-B7FE-AC433D4165F7}.AppStore|iPhoneSimulator.Build.0 = AppStore|iPhoneSimulator
		{174F625C-E387-4A00-B7FE-AC433D4165F7}.Debug|Any CPU.ActiveCfg = Debug|iPhone
		{174F625C-E387-4A00-B7FE-AC433D4165F7}.Debug|iPhone.ActiveCfg = Debug|iPhone
		{174F625C-E387-4A00-B7FE-AC433D4165F7}.Debug|iPhone.Build.0 = Debug|iPhone
		{174F625C-E387-4A00-B7FE-AC433D4165F7}.Debug|iPhoneSimulator.ActiveCfg = Debug|iPhoneSimulator
		{174F625C-E387-4A00-B7FE-AC433D4165F7}.Debug|iPhoneSimulator.Build.0 = Debug|iPhoneSimulator
		{174F625C-E387-4A00-B7FE-AC433D4165F7}.Release|Any CPU.ActiveCfg = Release|iPhone
		{174F625C-E387-4A00-B7FE-AC433D4165F7}.Release|iPhone.ActiveCfg = Release|iPhone
		{174F625C-E387-4A00-B7FE-AC433D4165F7}.Release|iPhone.Build.0 = Release|iPhone
		{174F625C-E387-4A00-B7FE-AC433D4165F7}.Release|iPhoneSimulator.ActiveCfg = Release|iPhoneSimulator
		{174F625C-E387-4A00-B7FE-AC433D4165F7}.Release|iPhoneSimulator.Build.0 = Release|iPhoneSimulator
	EndGlobalSection
	GlobalSection(SolutionProperties) = preSolution
		HideSolutionNode = FALSE
	EndGlobalSection
EndGlobal
